
Microsoft Visual Studio Solution File, Format Version 12.00
# Visual Studio Version 17
VisualStudioVersion = 17.2.32616.157
MinimumVisualStudioVersion = 10.0.40219.1
Project("{FAE04EC0-301F-11D3-BF4B-00C04F79EFBC}") = "CvProyecto.Android", "CvProyecto\CvProyecto.Android\CvProyecto.Android.csproj", "{DC1F756E-AAE2-4B59-875C-D72234175ADC}"
EndProject
Project("{FAE04EC0-301F-11D3-BF4B-00C04F79EFBC}") = "CvProyecto", "CvProyecto\CvProyecto\CvProyecto.csproj", "{9506E05E-AA63-4F83-9D18-717EEA255298}"
EndProject
Global
	GlobalSection(SolutionConfigurationPlatforms) = preSolution
		Debug|Any CPU = Debug|Any CPU
		Release|Any CPU = Release|Any CPU
	EndGlobalSection
	GlobalSection(ProjectConfigurationPlatforms) = postSolution
		{DC1F756E-AAE2-4B59-875C-D72234175ADC}.Debug|Any CPU.ActiveCfg = Debug|Any CPU
		{DC1F756E-AAE2-4B59-875C-D72234175ADC}.Debug|Any CPU.Build.0 = Debug|Any CPU
		{DC1F756E-AAE2-4B59-875C-D72234175ADC}.Debug|Any CPU.Deploy.0 = Debug|Any CPU
		{DC1F756E-AAE2-4B59-875C-D72234175ADC}.Release|Any CPU.ActiveCfg = Release|Any CPU
		{DC1F756E-AAE2-4B59-875C-D72234175ADC}.Release|Any CPU.Build.0 = Release|Any CPU
		{DC1F756E-AAE2-4B59-875C-D72234175ADC}.Release|Any CPU.Deploy.0 = Release|Any CPU
		{9506E05E-AA63-4F83-9D18-717EEA255298}.Debug|Any CPU.ActiveCfg = Debug|Any CPU
		{9506E05E-AA63-4F83-9D18-717EEA255298}.Debug|Any CPU.Build.0 = Debug|Any CPU
		{9506E05E-AA63-4F83-9D18-717EEA255298}.Debug|Any CPU.Deploy.0 = Debug|Any CPU
		{9506E05E-AA63-4F83-9D18-717EEA255298}.Release|Any CPU.ActiveCfg = Release|Any CPU
		{9506E05E-AA63-4F83-9D18-717EEA255298}.Release|Any CPU.Build.0 = Release|Any CPU
		{9506E05E-AA63-4F83-9D18-717EEA255298}.Release|Any CPU.Deploy.0 = Release|Any CPU
	EndGlobalSection
	GlobalSection(SolutionProperties) = preSolution
		HideSolutionNode = FALSE
	EndGlobalSection
	GlobalSection(ExtensibilityGlobals) = postSolution
		SolutionGuid = {BB93124B-B40C-4CA9-9397-11B153C1E8AF}
	EndGlobalSection
EndGlobal
